// !$*UTF8*$!
{
	archiveVersion = 1;
	classes = {
	};
	objectVersion = 48;
	objects = {

/* Begin PBXBuildFile section */
		3460F81C208A73ED0002E5AD /* main.cpp in Sources */ = {isa = PBXBuildFile; fileRef = 3460F81B208A73ED0002E5AD /* main.cpp */; };
		3460F824208A754F0002E5AD /* linkedlist.cpp in Sources */ = {isa = PBXBuildFile; fileRef = 3460F822208A754F0002E5AD /* linkedlist.cpp */; };
		3460F827208A75A80002E5AD /* AppliancePtr.cpp in Sources */ = {isa = PBXBuildFile; fileRef = 3460F825208A75A80002E5AD /* AppliancePtr.cpp */; };
		3460F82A208BC7480002E5AD /* Appliance.cpp in Sources */ = {isa = PBXBuildFile; fileRef = 3460F828208BC7480002E5AD /* Appliance.cpp */; };
/* End PBXBuildFile section */

/* Begin PBXCopyFilesBuildPhase section */
		3460F816208A73ED0002E5AD /* CopyFiles */ = {
			isa = PBXCopyFilesBuildPhase;
			buildActionMask = 2147483647;
			dstPath = /usr/share/man/man1/;
			dstSubfolderSpec = 0;
			files = (
			);
			runOnlyForDeploymentPostprocessing = 1;
		};
/* End PBXCopyFilesBuildPhase section */

/* Begin PBXFileReference section */
		3460F818208A73ED0002E5AD /* CS474Project3 */ = {isa = PBXFileReference; explicitFileType = "compiled.mach-o.executable"; includeInIndex = 0; path = CS474Project3; sourceTree = BUILT_PRODUCTS_DIR; };
		3460F81B208A73ED0002E5AD /* main.cpp */ = {isa = PBXFileReference; lastKnownFileType = sourcecode.cpp.cpp; path = main.cpp; sourceTree = "<group>"; };
		3460F822208A754F0002E5AD /* linkedlist.cpp */ = {isa = PBXFileReference; lastKnownFileType = sourcecode.cpp.cpp; path = linkedlist.cpp; sourceTree = "<group>"; };
		3460F823208A754F0002E5AD /* linkedlist.hpp */ = {isa = PBXFileReference; lastKnownFileType = sourcecode.cpp.h; path = linkedlist.hpp; sourceTree = "<group>"; };
		3460F825208A75A80002E5AD /* AppliancePtr.cpp */ = {isa = PBXFileReference; lastKnownFileType = sourcecode.cpp.cpp; path = AppliancePtr.cpp; sourceTree = "<group>"; };
		3460F826208A75A80002E5AD /* AppliancePtr.hpp */ = {isa = PBXFileReference; lastKnownFileType = sourcecode.cpp.h; path = AppliancePtr.hpp; sourceTree = "<group>"; };
		3460F828208BC7480002E5AD /* Appliance.cpp */ = {isa = PBXFileReference; fileEncoding = 4; lastKnownFileType = sourcecode.cpp.cpp; path = Appliance.cpp; sourceTree = "<group>"; };
		3460F829208BC7480002E5AD /* Appliance.hpp */ = {isa = PBXFileReference; fileEncoding = 4; lastKnownFileType = sourcecode.cpp.h; path = Appliance.hpp; sourceTree = "<group>"; };
/* End PBXFileReference section */

/* Begin PBXFrameworksBuildPhase section */
		3460F815208A73ED0002E5AD /* Frameworks */ = {
			isa = PBXFrameworksBuildPhase;
			buildActionMask = 2147483647;
			files = (
			);
			runOnlyForDeploymentPostprocessing = 0;
		};
/* End PBXFrameworksBuildPhase section */

/* Begin PBXGroup section */
		3460F80F208A73ED0002E5AD = {
			isa = PBXGroup;
			children = (
				3460F81A208A73ED0002E5AD /* CS474Project3 */,
				3460F819208A73ED0002E5AD /* Products */,
			);
			sourceTree = "<group>";
		};
		3460F819208A73ED0002E5AD /* Products */ = {
			isa = PBXGroup;
			children = (
				3460F818208A73ED0002E5AD /* CS474Project3 */,
			);
			name = Products;
			sourceTree = "<group>";
		};
		3460F81A208A73ED0002E5AD /* CS474Project3 */ = {
			isa = PBXGroup;
			children = (
				3460F81B208A73ED0002E5AD /* main.cpp */,
				3460F822208A754F0002E5AD /* linkedlist.cpp */,
				3460F823208A754F0002E5AD /* linkedlist.hpp */,
				3460F825208A75A80002E5AD /* AppliancePtr.cpp */,
				3460F826208A75A80002E5AD /* AppliancePtr.hpp */,
				3460F828208BC7480002E5AD /* Appliance.cpp */,
				3460F829208BC7480002E5AD /* Appliance.hpp */,
			);
			path = CS474Project3;
			sourceTree = "<group>";
		};
/* End PBXGroup section */

/* Begin PBXNativeTarget section */
		3460F817208A73ED0002E5AD /* CS474Project3 */ = {
			isa = PBXNativeTarget;
			buildConfigurationList = 3460F81F208A73ED0002E5AD /* Build configuration list for PBXNativeTarget "CS474Project3" */;
			buildPhases = (
				3460F814208A73ED0002E5AD /* Sources */,
				3460F815208A73ED0002E5AD /* Frameworks */,
				3460F816208A73ED0002E5AD /* CopyFiles */,
			);
			buildRules = (
			);
			dependencies = (
			);
			name = CS474Project3;
			productName = CS474Project3;
			productReference = 3460F818208A73ED0002E5AD /* CS474Project3 */;
			productType = "com.apple.product-type.tool";
		};
/* End PBXNativeTarget section */

/* Begin PBXProject section */
		3460F810208A73ED0002E5AD /* Project object */ = {
			isa = PBXProject;
			attributes = {
				LastUpgradeCheck = 0920;
				ORGANIZATIONNAME = "Srinivas Lingutla";
				TargetAttributes = {
					3460F817208A73ED0002E5AD = {
						CreatedOnToolsVersion = 9.2;
						ProvisioningStyle = Automatic;
					};
				};
			};
			buildConfigurationList = 3460F813208A73ED0002E5AD /* Build configuration list for PBXProject "CS474Project3" */;
			compatibilityVersion = "Xcode 8.0";
			developmentRegion = en;
			hasScannedForEncodings = 0;
			knownRegions = (
				en,
			);
			mainGroup = 3460F80F208A73ED0002E5AD;
			productRefGroup = 3460F819208A73ED0002E5AD /* Products */;
			projectDirPath = "";
			projectRoot = "";
			targets = (
				3460F817208A73ED0002E5AD /* CS474Project3 */,
			);
		};
/* End PBXProject section */

/* Begin PBXSourcesBuildPhase section */
		3460F814208A73ED0002E5AD /* Sources */ = {
			isa = PBXSourcesBuildPhase;
			buildActionMask = 2147483647;
			files = (
				3460F827208A75A80002E5AD /* AppliancePtr.cpp in Sources */,
				3460F824208A754F0002E5AD /* linkedlist.cpp in Sources */,
				3460F81C208A73ED0002E5AD /* main.cpp in Sources */,
				3460F82A208BC7480002E5AD /* Appliance.cpp in Sources */,
			);
			runOnlyForDeploymentPostprocessing = 0;
		};
/* End PBXSourcesBuildPhase section */

/* Begin XCBuildConfiguration section */
		3460F81D208A73ED0002E5AD /* Debug */ = {
			isa = XCBuildConfiguration;
			buildSettings = {
				ALWAYS_SEARCH_USER_PATHS = NO;
				CLANG_ANALYZER_NONNULL = YES;
				CLANG_ANALYZER_NUMBER_OBJECT_CONVERSION = YES_AGGRESSIVE;
				CLANG_CXX_LANGUAGE_STANDARD = "gnu++14";
				CLANG_CXX_LIBRARY = "libc++";
				CLANG_ENABLE_MODULES = YES;
				CLANG_ENABLE_OBJC_ARC = YES;
				CLANG_WARN_BLOCK_CAPTURE_AUTORELEASING = YES;
				CLANG_WARN_BOOL_CONVERSION = YES;
				CLANG_WARN_COMMA = YES;
				CLANG_WARN_CONSTANT_CONVERSION = YES;
				CLANG_WARN_DIRECT_OBJC_ISA_USAGE = YES_ERROR;
				CLANG_WARN_DOCUMENTATION_COMMENTS = YES;
				CLANG_WARN_EMPTY_BODY = YES;
				CLANG_WARN_ENUM_CONVERSION = YES;
				CLANG_WARN_INFINITE_RECURSION = YES;
				CLANG_WARN_INT_CONVERSION = YES;
				CLANG_WARN_NON_LITERAL_NULL_CONVERSION = YES;
				CLANG_WARN_OBJC_LITERAL_CONVERSION = YES;
				CLANG_WARN_OBJC_ROOT_CLASS = YES_ERROR;
				CLANG_WARN_RANGE_LOOP_ANALYSIS = YES;
				CLANG_WARN_STRICT_PROTOTYPES = YES;
				CLANG_WARN_SUSPICIOUS_MOVE = YES;
				CLANG_WARN_UNGUARDED_AVAILABILITY = YES_AGGRESSIVE;
				CLANG_WARN_UNREACHABLE_CODE = YES;
				CLANG_WARN__DUPLICATE_METHOD_MATCH = YES;
				CODE_SIGN_IDENTITY = "-";
				COPY_PHASE_STRIP = NO;
				DEBUG_INFORMATION_FORMAT = dwarf;
				ENABLE_STRICT_OBJC_MSGSEND = YES;
				ENABLE_TESTABILITY = YES;
				GCC_C_LANGUAGE_STANDARD = gnu11;
				GCC_DYNAMIC_NO_PIC = NO;
				GCC_NO_COMMON_BLOCKS = YES;
				GCC_OPTIMIZATION_LEVEL = 0;
				GCC_PREPROCESSOR_DEFINITIONS = (
					"DEBUG=1",
					"$(inherited)",
				);
				GCC_WARN_64_TO_32_BIT_CONVERSION = YES;
				GCC_WARN_ABOUT_RETURN_TYPE = YES_ERROR;
				GCC_WARN_UNDECLARED_SELECTOR = YES;
				GCC_WARN_UNINITIALIZED_AUTOS = YES_AGGRESSIVE;
				GCC_WARN_UNUSED_FUNCTION = YES;
				GCC_WARN_UNUSED_VARIABLE = YES;
				MACOSX_DEPLOYMENT_TARGET = 10.12;
				MTL_ENABLE_DEBUG_INFO = YES;
				ONLY_ACTIVE_ARCH = YES;
				SDKROOT = macosx;
			};
			name = Debug;
		};
		3460F81E208A73ED0002E5AD /* Release */ = {
			isa = XCBuildConfiguration;
			buildSettings = {
				ALWAYS_SEARCH_USER_PATHS = NO;
				CLANG_ANALYZER_NONNULL = YES;
				CLANG_ANALYZER_NUMBER_OBJECT_CONVERSION = YES_AGGRESSIVE;
				CLANG_CXX_LANGUAGE_STANDARD = "gnu++14";
				CLANG_CXX_LIBRARY = "libc++";
				CLANG_ENABLE_MODULES = YES;
				CLANG_ENABLE_OBJC_ARC = YES;
				CLANG_WARN_BLOCK_CAPTURE_AUTORELEASING = YES;
				CLANG_WARN_BOOL_CONVERSION = YES;
				CLANG_WARN_COMMA = YES;
				CLANG_WARN_CONSTANT_CONVERSION = YES;
				CLANG_WARN_DIRECT_OBJC_ISA_USAGE = YES_ERROR;
				CLANG_WARN_DOCUMENTATION_COMMENTS = YES;
				CLANG_WARN_EMPTY_BODY = YES;
				CLANG_WARN_ENUM_CONVERSION = YES;
				CLANG_WARN_INFINITE_RECURSION = YES;
				CLANG_WARN_INT_CONVERSION = YES;
				CLANG_WARN_NON_LITERAL_NULL_CONVERSION = YES;
				CLANG_WARN_OBJC_LITERAL_CONVERSION = YES;
				CLANG_WARN_OBJC_ROOT_CLASS = YES_ERROR;
				CLANG_WARN_RANGE_LOOP_ANALYSIS = YES;
				CLANG_WARN_STRICT_PROTOTYPES = YES;
				CLANG_WARN_SUSPICIOUS_MOVE = YES;
				CLANG_WARN_UNGUARDED_AVAILABILITY = YES_AGGRESSIVE;
				CLANG_WARN_UNREACHABLE_CODE = YES;
				CLANG_WARN__DUPLICATE_METHOD_MATCH = YES;
				CODE_SIGN_IDENTITY = "-";
				COPY_PHASE_STRIP = NO;
				DEBUG_INFORMATION_FORMAT = "dwarf-with-dsym";
				ENABLE_NS_ASSERTIONS = NO;
				ENABLE_STRICT_OBJC_MSGSEND = YES;
				GCC_C_LANGUAGE_STANDARD = gnu11;
				GCC_NO_COMMON_BLOCKS = YES;
				GCC_WARN_64_TO_32_BIT_CONVERSION = YES;
				GCC_WARN_ABOUT_RETURN_TYPE = YES_ERROR;
				GCC_WARN_UNDECLARED_SELECTOR = YES;
				GCC_WARN_UNINITIALIZED_AUTOS = YES_AGGRESSIVE;
				GCC_WARN_UNUSED_FUNCTION = YES;
				GCC_WARN_UNUSED_VARIABLE = YES;
				MACOSX_DEPLOYMENT_TARGET = 10.12;
				MTL_ENABLE_DEBUG_INFO = NO;
				SDKROOT = macosx;
			};
			name = Release;
		};
		3460F820208A73ED0002E5AD /* Debug */ = {
			isa = XCBuildConfiguration;
			buildSettings = {
				CLANG_CXX_LANGUAGE_STANDARD = "gnu++0x";
				CODE_SIGN_STYLE = Automatic;
				PRODUCT_NAME = "$(TARGET_NAME)";
			};
			name = Debug;
		};
		3460F821208A73ED0002E5AD /* Release */ = {
			isa = XCBuildConfiguration;
			buildSettings = {
				CLANG_CXX_LANGUAGE_STANDARD = "gnu++0x";
				CODE_SIGN_STYLE = Automatic;
				PRODUCT_NAME = "$(TARGET_NAME)";
			};
			name = Release;
		};
/* End XCBuildConfiguration section */

/* Begin XCConfigurationList section */
		3460F813208A73ED0002E5AD /* Build configuration list for PBXProject "CS474Project3" */ = {
			isa = XCConfigurationList;
			buildConfigurations = (
				3460F81D208A73ED0002E5AD /* Debug */,
				3460F81E208A73ED0002E5AD /* Release */,
			);
			defaultConfigurationIsVisible = 0;
			defaultConfigurationName = Release;
		};
		3460F81F208A73ED0002E5AD /* Build configuration list for PBXNativeTarget "CS474Project3" */ = {
			isa = XCConfigurationList;
			buildConfigurations = (
				3460F820208A73ED0002E5AD /* Debug */,
				3460F821208A73ED0002E5AD /* Release */,
			);
			defaultConfigurationIsVisible = 0;
			defaultConfigurationName = Release;
		};
/* End XCConfigurationList section */
	};
	rootObject = 3460F810208A73ED0002E5AD /* Project object */;
}
